{
  "name": "HongMengOSExperiment",
  "lockfileVersion": 3,
  "requires": true,
  "packages": {
    "": {
      "dependencies": {
        "json-typescript": "^1.1.2"
      }
    },
    "node_modules/json-typescript": {
      "version": "1.1.2",
      "resolved": "https://registry.npmmirror.com/json-typescript/-/json-typescript-1.1.2.tgz",
      "integrity": "sha512-Np07MUsYMKbB0nNlw/MMIRjUK7ehO48LA4FsrzrhCfTUxMKbvOBAo0sc0b4nQ80ge9d32sModCunCgoyUojgUA=="
    }
  }
}
